
Microsoft Visual Studio Solution File, Format Version 12.00
# Visual Studio Version 17
VisualStudioVersion = 17.14.36717.8 d17.14
MinimumVisualStudioVersion = 10.0.40219.1
Project("{FAE04EC0-301F-11D3-BF4B-00C04F79EFBC}") = "FireFly", "FireFly\FireFly.csproj", "{D400EB63-DC6E-44E9-8F12-8AEBC68BD71D}"
EndProject
Project("{FAE04EC0-301F-11D3-BF4B-00C04F79EFBC}") = "FireflyTest", "FireflyTest\FireflyTest.csproj", "{80ABD7D5-752B-4287-83AB-9E6626CBB6E6}"
EndProject
Global
	GlobalSection(SolutionConfigurationPlatforms) = preSolution
		Debug|Any CPU = Debug|Any CPU
		Release|Any CPU = Release|Any CPU
	EndGlobalSection
	GlobalSection(ProjectConfigurationPlatforms) = postSolution
		{D400EB63-DC6E-44E9-8F12-8AEBC68BD71D}.Debug|Any CPU.ActiveCfg = Debug|Any CPU
		{D400EB63-DC6E-44E9-8F12-8AEBC68BD71D}.Debug|Any CPU.Build.0 = Debug|Any CPU
		{D400EB63-DC6E-44E9-8F12-8AEBC68BD71D}.Release|Any CPU.ActiveCfg = Release|Any CPU
		{D400EB63-DC6E-44E9-8F12-8AEBC68BD71D}.Release|Any CPU.Build.0 = Release|Any CPU
		{80ABD7D5-752B-4287-83AB-9E6626CBB6E6}.Debug|Any CPU.ActiveCfg = Debug|Any CPU
		{80ABD7D5-752B-4287-83AB-9E6626CBB6E6}.Debug|Any CPU.Build.0 = Debug|Any CPU
		{80ABD7D5-752B-4287-83AB-9E6626CBB6E6}.Release|Any CPU.ActiveCfg = Release|Any CPU
		{80ABD7D5-752B-4287-83AB-9E6626CBB6E6}.Release|Any CPU.Build.0 = Release|Any CPU
	EndGlobalSection
	GlobalSection(SolutionProperties) = preSolution
		HideSolutionNode = FALSE
	EndGlobalSection
	GlobalSection(ExtensibilityGlobals) = postSolution
		SolutionGuid = {B7FD07E3-4BFD-446F-8F70-F3E6F261D02E}
	EndGlobalSection
EndGlobal
